
Microsoft Visual Studio Solution File, Format Version 12.00
# Visual Studio Version 16
VisualStudioVersion = 16.0.29123.88
MinimumVisualStudioVersion = 10.0.40219.1
Project("{9A19103F-16F7-4668-BE54-9A1E7A4F7556}") = "inFormation", "inFormation\inFormation.csproj", "{9D580F52-1C29-4A1C-B021-20E40495427F}"
EndProject
Project("{2150E333-8FDC-42A3-9474-1A3956D46DE8}") = "1_Front", "1_Front", "{ED92A8AF-FD2B-4411-A2E9-C0BDF93C4D48}"
EndProject
Project("{2150E333-8FDC-42A3-9474-1A3956D46DE8}") = "2_WebServices", "2_WebServices", "{5C7874A5-D398-4FE1-A664-43B086339377}"
EndProject
Project("{2150E333-8FDC-42A3-9474-1A3956D46DE8}") = "3_Back", "3_Back", "{740BB4CA-DEA9-40BF-8071-6AF1C010327B}"
EndProject
Project("{2150E333-8FDC-42A3-9474-1A3956D46DE8}") = "Web", "Web", "{1FEED0C1-BE72-4744-B532-46389F7BD31F}"
EndProject
Project("{9A19103F-16F7-4668-BE54-9A1E7A4F7556}") = "inFormationWS", "inFormationWS\inFormationWS.csproj", "{05109419-FF09-4672-B367-2EB018920455}"
EndProject
Project("{9A19103F-16F7-4668-BE54-9A1E7A4F7556}") = "InFormation.BLL", "InFormation.BLL\InFormation.BLL.csproj", "{C5079775-F36A-486A-A5AA-061A64175E18}"
EndProject
Project("{2150E333-8FDC-42A3-9474-1A3956D46DE8}") = "BusinessLogic", "BusinessLogic", "{E9826DF4-8018-4DB6-92EC-8952B26CE0C4}"
EndProject
Project("{2150E333-8FDC-42A3-9474-1A3956D46DE8}") = "DataAccess", "DataAccess", "{76817D1A-FD90-4BCA-9821-D4A4B39884C9}"
EndProject
Project("{9A19103F-16F7-4668-BE54-9A1E7A4F7556}") = "InFormation.DAL", "InFormation.DAL\InFormation.DAL.csproj", "{022DAB6E-1F27-4717-AC3A-F713DDD0AFA9}"
EndProject
Project("{9A19103F-16F7-4668-BE54-9A1E7A4F7556}") = "InFormation.ENT", "InFormation.ENT\InFormation.ENT.csproj", "{0DCF2902-2C73-40A0-8A03-B51FCA9E04A3}"
EndProject
Project("{9A19103F-16F7-4668-BE54-9A1E7A4F7556}") = "IInFormation.BLL", "IInFormation.BLL\IInFormation.BLL.csproj", "{FA47188A-854F-4FD9-BC29-11316A4CA5D4}"
EndProject
Project("{9A19103F-16F7-4668-BE54-9A1E7A4F7556}") = "IInFormation.DAL", "IInFormation.DAL\IInFormation.DAL.csproj", "{942AA295-5FE1-47AF-B862-A50F768E3FA6}"
EndProject
Global
	GlobalSection(SolutionConfigurationPlatforms) = preSolution
		Debug|Any CPU = Debug|Any CPU
		Release|Any CPU = Release|Any CPU
	EndGlobalSection
	GlobalSection(ProjectConfigurationPlatforms) = postSolution
		{9D580F52-1C29-4A1C-B021-20E40495427F}.Debug|Any CPU.ActiveCfg = Debug|Any CPU
		{9D580F52-1C29-4A1C-B021-20E40495427F}.Debug|Any CPU.Build.0 = Debug|Any CPU
		{9D580F52-1C29-4A1C-B021-20E40495427F}.Release|Any CPU.ActiveCfg = Release|Any CPU
		{9D580F52-1C29-4A1C-B021-20E40495427F}.Release|Any CPU.Build.0 = Release|Any CPU
		{05109419-FF09-4672-B367-2EB018920455}.Debug|Any CPU.ActiveCfg = Debug|Any CPU
		{05109419-FF09-4672-B367-2EB018920455}.Debug|Any CPU.Build.0 = Debug|Any CPU
		{05109419-FF09-4672-B367-2EB018920455}.Release|Any CPU.ActiveCfg = Release|Any CPU
		{05109419-FF09-4672-B367-2EB018920455}.Release|Any CPU.Build.0 = Release|Any CPU
		{C5079775-F36A-486A-A5AA-061A64175E18}.Debug|Any CPU.ActiveCfg = Debug|Any CPU
		{C5079775-F36A-486A-A5AA-061A64175E18}.Debug|Any CPU.Build.0 = Debug|Any CPU
		{C5079775-F36A-486A-A5AA-061A64175E18}.Release|Any CPU.ActiveCfg = Release|Any CPU
		{C5079775-F36A-486A-A5AA-061A64175E18}.Release|Any CPU.Build.0 = Release|Any CPU
		{022DAB6E-1F27-4717-AC3A-F713DDD0AFA9}.Debug|Any CPU.ActiveCfg = Debug|Any CPU
		{022DAB6E-1F27-4717-AC3A-F713DDD0AFA9}.Debug|Any CPU.Build.0 = Debug|Any CPU
		{022DAB6E-1F27-4717-AC3A-F713DDD0AFA9}.Release|Any CPU.ActiveCfg = Release|Any CPU
		{022DAB6E-1F27-4717-AC3A-F713DDD0AFA9}.Release|Any CPU.Build.0 = Release|Any CPU
		{0DCF2902-2C73-40A0-8A03-B51FCA9E04A3}.Debug|Any CPU.ActiveCfg = Debug|Any CPU
		{0DCF2902-2C73-40A0-8A03-B51FCA9E04A3}.Debug|Any CPU.Build.0 = Debug|Any CPU
		{0DCF2902-2C73-40A0-8A03-B51FCA9E04A3}.Release|Any CPU.ActiveCfg = Release|Any CPU
		{0DCF2902-2C73-40A0-8A03-B51FCA9E04A3}.Release|Any CPU.Build.0 = Release|Any CPU
		{FA47188A-854F-4FD9-BC29-11316A4CA5D4}.Debug|Any CPU.ActiveCfg = Debug|Any CPU
		{FA47188A-854F-4FD9-BC29-11316A4CA5D4}.Debug|Any CPU.Build.0 = Debug|Any CPU
		{FA47188A-854F-4FD9-BC29-11316A4CA5D4}.Release|Any CPU.ActiveCfg = Release|Any CPU
		{FA47188A-854F-4FD9-BC29-11316A4CA5D4}.Release|Any CPU.Build.0 = Release|Any CPU
		{942AA295-5FE1-47AF-B862-A50F768E3FA6}.Debug|Any CPU.ActiveCfg = Debug|Any CPU
		{942AA295-5FE1-47AF-B862-A50F768E3FA6}.Debug|Any CPU.Build.0 = Debug|Any CPU
		{942AA295-5FE1-47AF-B862-A50F768E3FA6}.Release|Any CPU.ActiveCfg = Release|Any CPU
		{942AA295-5FE1-47AF-B862-A50F768E3FA6}.Release|Any CPU.Build.0 = Release|Any CPU
	EndGlobalSection
	GlobalSection(SolutionProperties) = preSolution
		HideSolutionNode = FALSE
	EndGlobalSection
	GlobalSection(NestedProjects) = preSolution
		{9D580F52-1C29-4A1C-B021-20E40495427F} = {1FEED0C1-BE72-4744-B532-46389F7BD31F}
		{1FEED0C1-BE72-4744-B532-46389F7BD31F} = {ED92A8AF-FD2B-4411-A2E9-C0BDF93C4D48}
		{05109419-FF09-4672-B367-2EB018920455} = {5C7874A5-D398-4FE1-A664-43B086339377}
		{C5079775-F36A-486A-A5AA-061A64175E18} = {E9826DF4-8018-4DB6-92EC-8952B26CE0C4}
		{E9826DF4-8018-4DB6-92EC-8952B26CE0C4} = {740BB4CA-DEA9-40BF-8071-6AF1C010327B}
		{76817D1A-FD90-4BCA-9821-D4A4B39884C9} = {740BB4CA-DEA9-40BF-8071-6AF1C010327B}
		{022DAB6E-1F27-4717-AC3A-F713DDD0AFA9} = {76817D1A-FD90-4BCA-9821-D4A4B39884C9}
		{0DCF2902-2C73-40A0-8A03-B51FCA9E04A3} = {76817D1A-FD90-4BCA-9821-D4A4B39884C9}
		{FA47188A-854F-4FD9-BC29-11316A4CA5D4} = {E9826DF4-8018-4DB6-92EC-8952B26CE0C4}
		{942AA295-5FE1-47AF-B862-A50F768E3FA6} = {76817D1A-FD90-4BCA-9821-D4A4B39884C9}
	EndGlobalSection
	GlobalSection(ExtensibilityGlobals) = postSolution
		SolutionGuid = {D7743D28-D487-40BE-9C3A-117CF7D50EFD}
	EndGlobalSection
EndGlobal
